// !$*UTF8*$!
{
	archiveVersion = 1;
	classes = {
	};
	objectVersion = 46;
	objects = {

/* Begin PBXBuildFile section */
		8D5D15E21EA0027500F5C693 /* AppDelegate.swift in Sources */ = {isa = PBXBuildFile; fileRef = 8D5D15E11EA0027500F5C693 /* AppDelegate.swift */; };
		8D5D15E41EA0027500F5C693 /* ViewController.swift in Sources */ = {isa = PBXBuildFile; fileRef = 8D5D15E31EA0027500F5C693 /* ViewController.swift */; };
		8D5D15E71EA0027600F5C693 /* Main.storyboard in Resources */ = {isa = PBXBuildFile; fileRef = 8D5D15E51EA0027600F5C693 /* Main.storyboard */; };
		8D5D15E91EA0027600F5C693 /* Assets.xcassets in Resources */ = {isa = PBXBuildFile; fileRef = 8D5D15E81EA0027600F5C693 /* Assets.xcassets */; };
		8D5D15EC1EA0027600F5C693 /* LaunchScreen.storyboard in Resources */ = {isa = PBXBuildFile; fileRef = 8D5D15EA1EA0027600F5C693 /* LaunchScreen.storyboard */; };
/* End PBXBuildFile section */

/* Begin PBXFileReference section */
		8D5D15DE1EA0027500F5C693 /* SocialNetwork.app */ = {isa = PBXFileReference; explicitFileType = wrapper.application; includeInIndex = 0; path = SocialNetwork.app; sourceTree = BUILT_PRODUCTS_DIR; };
		8D5D15E11EA0027500F5C693 /* AppDelegate.swift */ = {isa = PBXFileReference; lastKnownFileType = sourcecode.swift; path = AppDelegate.swift; sourceTree = "<group>"; };
		8D5D15E31EA0027500F5C693 /* ViewController.swift */ = {isa = PBXFileReference; lastKnownFileType = sourcecode.swift; path = ViewController.swift; sourceTree = "<group>"; };
		8D5D15E61EA0027600F5C693 /* Base */ = {isa = PBXFileReference; lastKnownFileType = file.storyboard; name = Base; path = Base.lproj/Main.storyboard; sourceTree = "<group>"; };
		8D5D15E81EA0027600F5C693 /* Assets.xcassets */ = {isa = PBXFileReference; lastKnownFileType = folder.assetcatalog; path = Assets.xcassets; sourceTree = "<group>"; };
		8D5D15EB1EA0027600F5C693 /* Base */ = {isa = PBXFileReference; lastKnownFileType = file.storyboard; name = Base; path = Base.lproj/LaunchScreen.storyboard; sourceTree = "<group>"; };
		8D5D15ED1EA0027600F5C693 /* Info.plist */ = {isa = PBXFileReference; lastKnownFileType = text.plist.xml; path = Info.plist; sourceTree = "<group>"; };
/* End PBXFileReference section */

/* Begin PBXFrameworksBuildPhase section */
		8D5D15DB1EA0027500F5C693 /* Frameworks */ = {
			isa = PBXFrameworksBuildPhase;
			buildActionMask = 2147483647;
			files = (
			);
			runOnlyForDeploymentPostprocessing = 0;
		};
/* End PBXFrameworksBuildPhase section */

/* Begin PBXGroup section */
		8D5D15D51EA0027500F5C693 = {
			isa = PBXGroup;
			children = (
				8D5D15E01EA0027500F5C693 /* SocialNetwork */,
				8D5D15DF1EA0027500F5C693 /* Products */,
			);
			sourceTree = "<group>";
		};
		8D5D15DF1EA0027500F5C693 /* Products */ = {
			isa = PBXGroup;
			children = (
				8D5D15DE1EA0027500F5C693 /* SocialNetwork.app */,
			);
			name = Products;
			sourceTree = "<group>";
		};
		8D5D15E01EA0027500F5C693 /* SocialNetwork */ = {
			isa = PBXGroup;
			children = (
				8D5D15E11EA0027500F5C693 /* AppDelegate.swift */,
				8D5D15E31EA0027500F5C693 /* ViewController.swift */,
				8D5D15E51EA0027600F5C693 /* Main.storyboard */,
				8D5D15E81EA0027600F5C693 /* Assets.xcassets */,
				8D5D15EA1EA0027600F5C693 /* LaunchScreen.storyboard */,
				8D5D15ED1EA0027600F5C693 /* Info.plist */,
			);
			path = SocialNetwork;
			sourceTree = "<group>";
		};
/* End PBXGroup section */

/* Begin PBXNativeTarget section */
		8D5D15DD1EA0027500F5C693 /* SocialNetwork */ = {
			isa = PBXNativeTarget;
			buildConfigurationList = 8D5D15F01EA0027600F5C693 /* Build configuration list for PBXNativeTarget "SocialNetwork" */;
			buildPhases = (
				8D5D15DA1EA0027500F5C693 /* Sources */,
				8D5D15DB1EA0027500F5C693 /* Frameworks */,
				8D5D15DC1EA0027500F5C693 /* Resources */,
			);
			buildRules = (
			);
			dependencies = (
			);
			name = SocialNetwork;
			productName = SocialNetwork;
			productReference = 8D5D15DE1EA0027500F5C693 /* SocialNetwork.app */;
			productType = "com.apple.product-type.application";
		};
/* End PBXNativeTarget section */

/* Begin PBXProject section */
		8D5D15D61EA0027500F5C693 /* Project object */ = {
			isa = PBXProject;
			attributes = {
				LastSwiftUpdateCheck = 0820;
				LastUpgradeCheck = 0820;
				ORGANIZATIONNAME = "Codelight Studios";
				TargetAttributes = {
					8D5D15DD1EA0027500F5C693 = {
						CreatedOnToolsVersion = 8.2.1;
						DevelopmentTeam = X29Q8NBY2J;
						ProvisioningStyle = Automatic;
					};
				};
			};
			buildConfigurationList = 8D5D15D91EA0027500F5C693 /* Build configuration list for PBXProject "SocialNetwork" */;
			compatibilityVersion = "Xcode 3.2";
			developmentRegion = English;
			hasScannedForEncodings = 0;
			knownRegions = (
				en,
				Base,
			);
			mainGroup = 8D5D15D51EA0027500F5C693;
			productRefGroup = 8D5D15DF1EA0027500F5C693 /* Products */;
			projectDirPath = "";
			projectRoot = "";
			targets = (
				8D5D15DD1EA0027500F5C693 /* SocialNetwork */,
			);
		};
/* End PBXProject section */

/* Begin PBXResourcesBuildPhase section */
		8D5D15DC1EA0027500F5C693 /* Resources */ = {
			isa = PBXResourcesBuildPhase;
			buildActionMask = 2147483647;
			files = (
				8D5D15EC1EA0027600F5C693 /* LaunchScreen.storyboard in Resources */,
				8D5D15E91EA0027600F5C693 /* Assets.xcassets in Resources */,
				8D5D15E71EA0027600F5C693 /* Main.storyboard in Resources */,
			);
			runOnlyForDeploymentPostprocessing = 0;
		};
/* End PBXResourcesBuildPhase section */

/* Begin PBXSourcesBuildPhase section */
		8D5D15DA1EA0027500F5C693 /* Sources */ = {
			isa = PBXSourcesBuildPhase;
			buildActionMask = 2147483647;
			files = (
				8D5D15E41EA0027500F5C693 /* ViewController.swift in Sources */,
				8D5D15E21EA0027500F5C693 /* AppDelegate.swift in Sources */,
			);
			runOnlyForDeploymentPostprocessing = 0;
		};
/* End PBXSourcesBuildPhase section */

/* Begin PBXVariantGroup section */
		8D5D15E51EA0027600F5C693 /* Main.storyboard */ = {
			isa = PBXVariantGroup;
			children = (
				8D5D15E61EA0027600F5C693 /* Base */,
			);
			name = Main.storyboard;
			sourceTree = "<group>";
		};
		8D5D15EA1EA0027600F5C693 /* LaunchScreen.storyboard */ = {
			isa = PBXVariantGroup;
			children = (
				8D5D15EB1EA0027600F5C693 /* Base */,
			);
			name = LaunchScreen.storyboard;
			sourceTree = "<group>";
		};
/* End PBXVariantGroup section */

/* Begin XCBuildConfiguration section */
		8D5D15EE1EA0027600F5C693 /* Debug */ = {
			isa = XCBuildConfiguration;
			buildSettings = {
				ALWAYS_SEARCH_USER_PATHS = NO;
				CLANG_ANALYZER_NONNULL = YES;
				CLANG_CXX_LANGUAGE_STANDARD = "gnu++0x";
				CLANG_CXX_LIBRARY = "libc++";
				CLANG_ENABLE_MODULES = YES;
				CLANG_ENABLE_OBJC_ARC = YES;
				CLANG_WARN_BOOL_CONVERSION = YES;
				CLANG_WARN_CONSTANT_CONVERSION = YES;
				CLANG_WARN_DIRECT_OBJC_ISA_USAGE = YES_ERROR;
				CLANG_WARN_DOCUMENTATION_COMMENTS = YES;
				CLANG_WARN_EMPTY_BODY = YES;
				CLANG_WARN_ENUM_CONVERSION = YES;
				CLANG_WARN_INFINITE_RECURSION = YES;
				CLANG_WARN_INT_CONVERSION = YES;
				CLANG_WARN_OBJC_ROOT_CLASS = YES_ERROR;
				CLANG_WARN_SUSPICIOUS_MOVE = YES;
				CLANG_WARN_UNREACHABLE_CODE = YES;
				CLANG_WARN__DUPLICATE_METHOD_MATCH = YES;
				"CODE_SIGN_IDENTITY[sdk=iphoneos*]" = "iPhone Developer";
				COPY_PHASE_STRIP = NO;
				DEBUG_INFORMATION_FORMAT = dwarf;
				ENABLE_STRICT_OBJC_MSGSEND = YES;
				ENABLE_TESTABILITY = YES;
				GCC_C_LANGUAGE_STANDARD = gnu99;
				GCC_DYNAMIC_NO_PIC = NO;
				GCC_NO_COMMON_BLOCKS = YES;
				GCC_OPTIMIZATION_LEVEL = 0;
				GCC_PREPROCESSOR_DEFINITIONS = (
					"DEBUG=1",
					"$(inherited)",
				);
				GCC_WARN_64_TO_32_BIT_CONVERSION = YES;
				GCC_WARN_ABOUT_RETURN_TYPE = YES_ERROR;
				GCC_WARN_UNDECLARED_SELECTOR = YES;
				GCC_WARN_UNINITIALIZED_AUTOS = YES_AGGRESSIVE;
				GCC_WARN_UNUSED_FUNCTION = YES;
				GCC_WARN_UNUSED_VARIABLE = YES;
				IPHONEOS_DEPLOYMENT_TARGET = 10.2;
				MTL_ENABLE_DEBUG_INFO = YES;
				ONLY_ACTIVE_ARCH = YES;
				SDKROOT = iphoneos;
				SWIFT_ACTIVE_COMPILATION_CONDITIONS = DEBUG;
				SWIFT_OPTIMIZATION_LEVEL = "-Onone";
				TARGETED_DEVICE_FAMILY = "1,2";
			};
			name = Debug;
		};
		8D5D15EF1EA0027600F5C693 /* Release */ = {
			isa = XCBuildConfiguration;
			buildSettings = {
				ALWAYS_SEARCH_USER_PATHS = NO;
				CLANG_ANALYZER_NONNULL = YES;
				CLANG_CXX_LANGUAGE_STANDARD = "gnu++0x";
				CLANG_CXX_LIBRARY = "libc++";
				CLANG_ENABLE_MODULES = YES;
				CLANG_ENABLE_OBJC_ARC = YES;
				CLANG_WARN_BOOL_CONVERSION = YES;
				CLANG_WARN_CONSTANT_CONVERSION = YES;
				CLANG_WARN_DIRECT_OBJC_ISA_USAGE = YES_ERROR;
				CLANG_WARN_DOCUMENTATION_COMMENTS = YES;
				CLANG_WARN_EMPTY_BODY = YES;
				CLANG_WARN_ENUM_CONVERSION = YES;
				CLANG_WARN_INFINITE_RECURSION = YES;
				CLANG_WARN_INT_CONVERSION = YES;
				CLANG_WARN_OBJC_ROOT_CLASS = YES_ERROR;
				CLANG_WARN_SUSPICIOUS_MOVE = YES;
				CLANG_WARN_UNREACHABLE_CODE = YES;
				CLANG_WARN__DUPLICATE_METHOD_MATCH = YES;
				"CODE_SIGN_IDENTITY[sdk=iphoneos*]" = "iPhone Developer";
				COPY_PHASE_STRIP = NO;
				DEBUG_INFORMATION_FORMAT = "dwarf-with-dsym";
				ENABLE_NS_ASSERTIONS = NO;
				ENABLE_STRICT_OBJC_MSGSEND = YES;
				GCC_C_LANGUAGE_STANDARD = gnu99;
				GCC_NO_COMMON_BLOCKS = YES;
				GCC_WARN_64_TO_32_BIT_CONVERSION = YES;
				GCC_WARN_ABOUT_RETURN_TYPE = YES_ERROR;
				GCC_WARN_UNDECLARED_SELECTOR = YES;
				GCC_WARN_UNINITIALIZED_AUTOS = YES_AGGRESSIVE;
				GCC_WARN_UNUSED_FUNCTION = YES;
				GCC_WARN_UNUSED_VARIABLE = YES;
				IPHONEOS_DEPLOYMENT_TARGET = 10.2;
				MTL_ENABLE_DEBUG_INFO = NO;
				SDKROOT = iphoneos;
				SWIFT_OPTIMIZATION_LEVEL = "-Owholemodule";
				TARGETED_DEVICE_FAMILY = "1,2";
				VALIDATE_PRODUCT = YES;
			};
			name = Release;
		};
		8D5D15F11EA0027600F5C693 /* Debug */ = {
			isa = XCBuildConfiguration;
			buildSettings = {
				ASSETCATALOG_COMPILER_APPICON_NAME = AppIcon;
				DEVELOPMENT_TEAM = X29Q8NBY2J;
				INFOPLIST_FILE = SocialNetwork/Info.plist;
				LD_RUNPATH_SEARCH_PATHS = "$(inherited) @executable_path/Frameworks";
				PRODUCT_BUNDLE_IDENTIFIER = studios.codelight.SocialNetwork;
				PRODUCT_NAME = "$(TARGET_NAME)";
				SWIFT_VERSION = 3.0;
			};
			name = Debug;
		};
		8D5D15F21EA0027600F5C693 /* Release */ = {
			isa = XCBuildConfiguration;
			buildSettings = {
				ASSETCATALOG_COMPILER_APPICON_NAME = AppIcon;
				DEVELOPMENT_TEAM = X29Q8NBY2J;
				INFOPLIST_FILE = SocialNetwork/Info.plist;
				LD_RUNPATH_SEARCH_PATHS = "$(inherited) @executable_path/Frameworks";
				PRODUCT_BUNDLE_IDENTIFIER = studios.codelight.SocialNetwork;
				PRODUCT_NAME = "$(TARGET_NAME)";
				SWIFT_VERSION = 3.0;
			};
			name = Release;
		};
/* End XCBuildConfiguration section */

/* Begin XCConfigurationList section */
		8D5D15D91EA0027500F5C693 /* Build configuration list for PBXProject "SocialNetwork" */ = {
			isa = XCConfigurationList;
			buildConfigurations = (
				8D5D15EE1EA0027600F5C693 /* Debug */,
				8D5D15EF1EA0027600F5C693 /* Release */,
			);
			defaultConfigurationIsVisible = 0;
			defaultConfigurationName = Release;
		};
		8D5D15F01EA0027600F5C693 /* Build configuration list for PBXNativeTarget "SocialNetwork" */ = {
			isa = XCConfigurationList;
			buildConfigurations = (
				8D5D15F11EA0027600F5C693 /* Debug */,
				8D5D15F21EA0027600F5C693 /* Release */,
			);
			defaultConfigurationIsVisible = 0;
		};
/* End XCConfigurationList section */
	};
	rootObject = 8D5D15D61EA0027500F5C693 /* Project object */;
}
